
Microsoft Visual Studio Solution File, Format Version 12.00
# Visual Studio Version 17
VisualStudioVersion = 17.5.33424.131
MinimumVisualStudioVersion = 10.0.40219.1
Project("{9A19103F-16F7-4668-BE54-9A1E7A4F7556}") = "ListaExercícios01", "ListaExercícios01\ListaExercícios01.csproj", "{5DB91619-BEC3-4C69-8637-9D93EA088180}"
EndProject
Project("{9A19103F-16F7-4668-BE54-9A1E7A4F7556}") = "Exercício02", "Exercício02\Exercício02.csproj", "{3FBE92FF-7FB2-43C2-B080-6B310A9FBD9A}"
EndProject
Project("{9A19103F-16F7-4668-BE54-9A1E7A4F7556}") = "Exercício03", "Exercício03\Exercício03.csproj", "{AF105FFB-9066-43B7-8F55-D164DF1FB33B}"
EndProject
Project("{9A19103F-16F7-4668-BE54-9A1E7A4F7556}") = "Exercício04", "Exercício04\Exercício04.csproj", "{F401B24F-A45A-4EC3-8503-33DD149737DF}"
EndProject
Project("{9A19103F-16F7-4668-BE54-9A1E7A4F7556}") = "Exercício05", "Exercício05\Exercício05.csproj", "{B56E25BF-3730-4629-A6F0-A5997443CC98}"
EndProject
Project("{9A19103F-16F7-4668-BE54-9A1E7A4F7556}") = "Exercício06", "Exercício06\Exercício06.csproj", "{0E5CC2F0-CE0D-43A6-A0A9-53EA0A52FA38}"
EndProject
Project("{9A19103F-16F7-4668-BE54-9A1E7A4F7556}") = "Exercício07", "Exercício07\Exercício07.csproj", "{94519544-E4D6-46A4-9495-7A28613C9B70}"
EndProject
Project("{9A19103F-16F7-4668-BE54-9A1E7A4F7556}") = "Exercício08", "Exercício08\Exercício08.csproj", "{86C4EDEA-4972-42FF-8690-2E127BEECFA0}"
EndProject
Project("{9A19103F-16F7-4668-BE54-9A1E7A4F7556}") = "Exercício09", "Exercício09\Exercício09.csproj", "{3A371615-FA25-4C4C-B77A-7C781B4B9225}"
EndProject
Project("{9A19103F-16F7-4668-BE54-9A1E7A4F7556}") = "Exercício10", "Exercício10\Exercício10.csproj", "{1017649F-C043-4D46-B171-A82473852E73}"
EndProject
Project("{9A19103F-16F7-4668-BE54-9A1E7A4F7556}") = "Exercício11", "Exercício11\Exercício11.csproj", "{CE499652-AD74-4C23-85D4-9A421F83A499}"
EndProject
Project("{FAE04EC0-301F-11D3-BF4B-00C04F79EFBC}") = "Exercício12", "Exercício12\Exercício12.csproj", "{44816C3B-AA95-48DE-B54D-E48A2D90A66A}"
EndProject
Project("{FAE04EC0-301F-11D3-BF4B-00C04F79EFBC}") = "Exercício13", "Exercício13\Exercício13.csproj", "{D741B4E8-FDC2-478C-9963-7E4B5C6304AB}"
EndProject
Project("{FAE04EC0-301F-11D3-BF4B-00C04F79EFBC}") = "Exercício14", "Exercício14\Exercício14.csproj", "{528B3F6E-2602-414B-B936-5B92AF5CF7C3}"
EndProject
Project("{FAE04EC0-301F-11D3-BF4B-00C04F79EFBC}") = "Exercício15", "Exercício15\Exercício15.csproj", "{FF4FE274-FAA6-428B-B219-CB86968CD5FD}"
EndProject
Project("{FAE04EC0-301F-11D3-BF4B-00C04F79EFBC}") = "Exercício16", "Exercício16\Exercício16.csproj", "{5E3A6A2F-4F19-4E62-95B2-3D32E1ED4DE6}"
EndProject
Project("{FAE04EC0-301F-11D3-BF4B-00C04F79EFBC}") = "Exercício17", "Exercício17\Exercício17.csproj", "{49DE990A-4225-4534-BA17-5A8F391FAAD7}"
EndProject
Project("{FAE04EC0-301F-11D3-BF4B-00C04F79EFBC}") = "Exercício18", "Exercício18\Exercício18.csproj", "{DCEF3761-6947-4C00-8745-AEBCE4A280BE}"
EndProject
Project("{FAE04EC0-301F-11D3-BF4B-00C04F79EFBC}") = "Exercício19", "Exercício19\Exercício19.csproj", "{FA3AFAC0-E8FE-40F6-B798-A69BFD16606E}"
EndProject
Project("{FAE04EC0-301F-11D3-BF4B-00C04F79EFBC}") = "Exercício20", "Exercício20\Exercício20.csproj", "{11E31C60-3F7C-411E-82BE-08A175D53CF0}"
EndProject
Project("{FAE04EC0-301F-11D3-BF4B-00C04F79EFBC}") = "Exercício21", "Exercício21\Exercício21.csproj", "{5F03DD1B-E9F4-4F33-BBD8-AF78964CED56}"
EndProject
Project("{FAE04EC0-301F-11D3-BF4B-00C04F79EFBC}") = "Exercício22", "Exercício22\Exercício22.csproj", "{ED8AFA16-C827-4A6E-91B0-0470A3052940}"
EndProject
Project("{FAE04EC0-301F-11D3-BF4B-00C04F79EFBC}") = "Exercício23", "Exercício23\Exercício23.csproj", "{6F377409-2933-4ED9-A304-4CB01CD7AB40}"
EndProject
Project("{FAE04EC0-301F-11D3-BF4B-00C04F79EFBC}") = "Exercício24", "Exercício24\Exercício24.csproj", "{950FBB4A-A4A4-488E-A5EF-73EC2045EAD1}"
EndProject
Project("{FAE04EC0-301F-11D3-BF4B-00C04F79EFBC}") = "Exercício25", "Exercício25\Exercício25.csproj", "{20287EEF-0B52-40F4-AF86-EB4318CA5B96}"
EndProject
Project("{FAE04EC0-301F-11D3-BF4B-00C04F79EFBC}") = "Exercício26", "Exercício26\Exercício26.csproj", "{4BD9A682-AC47-4724-8840-3946EFC622AB}"
EndProject
Project("{FAE04EC0-301F-11D3-BF4B-00C04F79EFBC}") = "Exercício27", "Exercício27\Exercício27.csproj", "{3EF86876-4BA9-4D64-B6B2-8399E9A4E43C}"
EndProject
Project("{FAE04EC0-301F-11D3-BF4B-00C04F79EFBC}") = "Exercício28", "Exercício28\Exercício28.csproj", "{0BB8DEAE-F06B-4F3F-8879-FB8ADF0A8B8F}"
EndProject
Project("{FAE04EC0-301F-11D3-BF4B-00C04F79EFBC}") = "Exercício29", "Exercício29\Exercício29.csproj", "{43C76440-736D-4FC6-8CD7-92E691BA9552}"
EndProject
Project("{2150E333-8FDC-42A3-9474-1A3956D46DE8}") = "do 1 ao 10", "do 1 ao 10", "{88E8CFCC-2714-4DF2-ACD8-01A934D7CBDC}"
EndProject
Project("{2150E333-8FDC-42A3-9474-1A3956D46DE8}") = "do 11 ao 20", "do 11 ao 20", "{C74B3585-02D9-4FDF-9F2C-B6EF30BF5FF9}"
EndProject
Project("{2150E333-8FDC-42A3-9474-1A3956D46DE8}") = "do 21 ao 29", "do 21 ao 29", "{9F38CE16-7E54-48DF-92C4-CD97896F3272}"
EndProject
Global
	GlobalSection(SolutionConfigurationPlatforms) = preSolution
		Debug|Any CPU = Debug|Any CPU
		Release|Any CPU = Release|Any CPU
	EndGlobalSection
	GlobalSection(ProjectConfigurationPlatforms) = postSolution
		{5DB91619-BEC3-4C69-8637-9D93EA088180}.Debug|Any CPU.ActiveCfg = Debug|Any CPU
		{5DB91619-BEC3-4C69-8637-9D93EA088180}.Debug|Any CPU.Build.0 = Debug|Any CPU
		{5DB91619-BEC3-4C69-8637-9D93EA088180}.Release|Any CPU.ActiveCfg = Release|Any CPU
		{5DB91619-BEC3-4C69-8637-9D93EA088180}.Release|Any CPU.Build.0 = Release|Any CPU
		{3FBE92FF-7FB2-43C2-B080-6B310A9FBD9A}.Debug|Any CPU.ActiveCfg = Debug|Any CPU
		{3FBE92FF-7FB2-43C2-B080-6B310A9FBD9A}.Debug|Any CPU.Build.0 = Debug|Any CPU
		{3FBE92FF-7FB2-43C2-B080-6B310A9FBD9A}.Release|Any CPU.ActiveCfg = Release|Any CPU
		{3FBE92FF-7FB2-43C2-B080-6B310A9FBD9A}.Release|Any CPU.Build.0 = Release|Any CPU
		{AF105FFB-9066-43B7-8F55-D164DF1FB33B}.Debug|Any CPU.ActiveCfg = Debug|Any CPU
		{AF105FFB-9066-43B7-8F55-D164DF1FB33B}.Debug|Any CPU.Build.0 = Debug|Any CPU
		{AF105FFB-9066-43B7-8F55-D164DF1FB33B}.Release|Any CPU.ActiveCfg = Release|Any CPU
		{AF105FFB-9066-43B7-8F55-D164DF1FB33B}.Release|Any CPU.Build.0 = Release|Any CPU
		{F401B24F-A45A-4EC3-8503-33DD149737DF}.Debug|Any CPU.ActiveCfg = Debug|Any CPU
		{F401B24F-A45A-4EC3-8503-33DD149737DF}.Debug|Any CPU.Build.0 = Debug|Any CPU
		{F401B24F-A45A-4EC3-8503-33DD149737DF}.Release|Any CPU.ActiveCfg = Release|Any CPU
		{F401B24F-A45A-4EC3-8503-33DD149737DF}.Release|Any CPU.Build.0 = Release|Any CPU
		{B56E25BF-3730-4629-A6F0-A5997443CC98}.Debug|Any CPU.ActiveCfg = Debug|Any CPU
		{B56E25BF-3730-4629-A6F0-A5997443CC98}.Debug|Any CPU.Build.0 = Debug|Any CPU
		{B56E25BF-3730-4629-A6F0-A5997443CC98}.Release|Any CPU.ActiveCfg = Release|Any CPU
		{B56E25BF-3730-4629-A6F0-A5997443CC98}.Release|Any CPU.Build.0 = Release|Any CPU
		{0E5CC2F0-CE0D-43A6-A0A9-53EA0A52FA38}.Debug|Any CPU.ActiveCfg = Debug|Any CPU
		{0E5CC2F0-CE0D-43A6-A0A9-53EA0A52FA38}.Debug|Any CPU.Build.0 = Debug|Any CPU
		{0E5CC2F0-CE0D-43A6-A0A9-53EA0A52FA38}.Release|Any CPU.ActiveCfg = Release|Any CPU
		{0E5CC2F0-CE0D-43A6-A0A9-53EA0A52FA38}.Release|Any CPU.Build.0 = Release|Any CPU
		{94519544-E4D6-46A4-9495-7A28613C9B70}.Debug|Any CPU.ActiveCfg = Debug|Any CPU
		{94519544-E4D6-46A4-9495-7A28613C9B70}.Debug|Any CPU.Build.0 = Debug|Any CPU
		{94519544-E4D6-46A4-9495-7A28613C9B70}.Release|Any CPU.ActiveCfg = Release|Any CPU
		{94519544-E4D6-46A4-9495-7A28613C9B70}.Release|Any CPU.Build.0 = Release|Any CPU
		{86C4EDEA-4972-42FF-8690-2E127BEECFA0}.Debug|Any CPU.ActiveCfg = Debug|Any CPU
		{86C4EDEA-4972-42FF-8690-2E127BEECFA0}.Debug|Any CPU.Build.0 = Debug|Any CPU
		{86C4EDEA-4972-42FF-8690-2E127BEECFA0}.Release|Any CPU.ActiveCfg = Release|Any CPU
		{86C4EDEA-4972-42FF-8690-2E127BEECFA0}.Release|Any CPU.Build.0 = Release|Any CPU
		{3A371615-FA25-4C4C-B77A-7C781B4B9225}.Debug|Any CPU.ActiveCfg = Debug|Any CPU
		{3A371615-FA25-4C4C-B77A-7C781B4B9225}.Debug|Any CPU.Build.0 = Debug|Any CPU
		{3A371615-FA25-4C4C-B77A-7C781B4B9225}.Release|Any CPU.ActiveCfg = Release|Any CPU
		{3A371615-FA25-4C4C-B77A-7C781B4B9225}.Release|Any CPU.Build.0 = Release|Any CPU
		{1017649F-C043-4D46-B171-A82473852E73}.Debug|Any CPU.ActiveCfg = Debug|Any CPU
		{1017649F-C043-4D46-B171-A82473852E73}.Debug|Any CPU.Build.0 = Debug|Any CPU
		{1017649F-C043-4D46-B171-A82473852E73}.Release|Any CPU.ActiveCfg = Release|Any CPU
		{1017649F-C043-4D46-B171-A82473852E73}.Release|Any CPU.Build.0 = Release|Any CPU
		{CE499652-AD74-4C23-85D4-9A421F83A499}.Debug|Any CPU.ActiveCfg = Debug|Any CPU
		{CE499652-AD74-4C23-85D4-9A421F83A499}.Debug|Any CPU.Build.0 = Debug|Any CPU
		{CE499652-AD74-4C23-85D4-9A421F83A499}.Release|Any CPU.ActiveCfg = Release|Any CPU
		{CE499652-AD74-4C23-85D4-9A421F83A499}.Release|Any CPU.Build.0 = Release|Any CPU
		{44816C3B-AA95-48DE-B54D-E48A2D90A66A}.Debug|Any CPU.ActiveCfg = Debug|Any CPU
		{44816C3B-AA95-48DE-B54D-E48A2D90A66A}.Debug|Any CPU.Build.0 = Debug|Any CPU
		{44816C3B-AA95-48DE-B54D-E48A2D90A66A}.Release|Any CPU.ActiveCfg = Release|Any CPU
		{44816C3B-AA95-48DE-B54D-E48A2D90A66A}.Release|Any CPU.Build.0 = Release|Any CPU
		{D741B4E8-FDC2-478C-9963-7E4B5C6304AB}.Debug|Any CPU.ActiveCfg = Debug|Any CPU
		{D741B4E8-FDC2-478C-9963-7E4B5C6304AB}.Debug|Any CPU.Build.0 = Debug|Any CPU
		{D741B4E8-FDC2-478C-9963-7E4B5C6304AB}.Release|Any CPU.ActiveCfg = Release|Any CPU
		{D741B4E8-FDC2-478C-9963-7E4B5C6304AB}.Release|Any CPU.Build.0 = Release|Any CPU
		{528B3F6E-2602-414B-B936-5B92AF5CF7C3}.Debug|Any CPU.ActiveCfg = Debug|Any CPU
		{528B3F6E-2602-414B-B936-5B92AF5CF7C3}.Debug|Any CPU.Build.0 = Debug|Any CPU
		{528B3F6E-2602-414B-B936-5B92AF5CF7C3}.Release|Any CPU.ActiveCfg = Release|Any CPU
		{528B3F6E-2602-414B-B936-5B92AF5CF7C3}.Release|Any CPU.Build.0 = Release|Any CPU
		{FF4FE274-FAA6-428B-B219-CB86968CD5FD}.Debug|Any CPU.ActiveCfg = Debug|Any CPU
		{FF4FE274-FAA6-428B-B219-CB86968CD5FD}.Debug|Any CPU.Build.0 = Debug|Any CPU
		{FF4FE274-FAA6-428B-B219-CB86968CD5FD}.Release|Any CPU.ActiveCfg = Release|Any CPU
		{FF4FE274-FAA6-428B-B219-CB86968CD5FD}.Release|Any CPU.Build.0 = Release|Any CPU
		{5E3A6A2F-4F19-4E62-95B2-3D32E1ED4DE6}.Debug|Any CPU.ActiveCfg = Debug|Any CPU
		{5E3A6A2F-4F19-4E62-95B2-3D32E1ED4DE6}.Debug|Any CPU.Build.0 = Debug|Any CPU
		{5E3A6A2F-4F19-4E62-95B2-3D32E1ED4DE6}.Release|Any CPU.ActiveCfg = Release|Any CPU
		{5E3A6A2F-4F19-4E62-95B2-3D32E1ED4DE6}.Release|Any CPU.Build.0 = Release|Any CPU
		{49DE990A-4225-4534-BA17-5A8F391FAAD7}.Debug|Any CPU.ActiveCfg = Debug|Any CPU
		{49DE990A-4225-4534-BA17-5A8F391FAAD7}.Debug|Any CPU.Build.0 = Debug|Any CPU
		{49DE990A-4225-4534-BA17-5A8F391FAAD7}.Release|Any CPU.ActiveCfg = Release|Any CPU
		{49DE990A-4225-4534-BA17-5A8F391FAAD7}.Release|Any CPU.Build.0 = Release|Any CPU
		{DCEF3761-6947-4C00-8745-AEBCE4A280BE}.Debug|Any CPU.ActiveCfg = Debug|Any CPU
		{DCEF3761-6947-4C00-8745-AEBCE4A280BE}.Debug|Any CPU.Build.0 = Debug|Any CPU
		{DCEF3761-6947-4C00-8745-AEBCE4A280BE}.Release|Any CPU.ActiveCfg = Release|Any CPU
		{DCEF3761-6947-4C00-8745-AEBCE4A280BE}.Release|Any CPU.Build.0 = Release|Any CPU
		{FA3AFAC0-E8FE-40F6-B798-A69BFD16606E}.Debug|Any CPU.ActiveCfg = Debug|Any CPU
		{FA3AFAC0-E8FE-40F6-B798-A69BFD16606E}.Debug|Any CPU.Build.0 = Debug|Any CPU
		{FA3AFAC0-E8FE-40F6-B798-A69BFD16606E}.Release|Any CPU.ActiveCfg = Release|Any CPU
		{FA3AFAC0-E8FE-40F6-B798-A69BFD16606E}.Release|Any CPU.Build.0 = Release|Any CPU
		{11E31C60-3F7C-411E-82BE-08A175D53CF0}.Debug|Any CPU.ActiveCfg = Debug|Any CPU
		{11E31C60-3F7C-411E-82BE-08A175D53CF0}.Debug|Any CPU.Build.0 = Debug|Any CPU
		{11E31C60-3F7C-411E-82BE-08A175D53CF0}.Release|Any CPU.ActiveCfg = Release|Any CPU
		{11E31C60-3F7C-411E-82BE-08A175D53CF0}.Release|Any CPU.Build.0 = Release|Any CPU
		{5F03DD1B-E9F4-4F33-BBD8-AF78964CED56}.Debug|Any CPU.ActiveCfg = Debug|Any CPU
		{5F03DD1B-E9F4-4F33-BBD8-AF78964CED56}.Debug|Any CPU.Build.0 = Debug|Any CPU
		{5F03DD1B-E9F4-4F33-BBD8-AF78964CED56}.Release|Any CPU.ActiveCfg = Release|Any CPU
		{5F03DD1B-E9F4-4F33-BBD8-AF78964CED56}.Release|Any CPU.Build.0 = Release|Any CPU
		{ED8AFA16-C827-4A6E-91B0-0470A3052940}.Debug|Any CPU.ActiveCfg = Debug|Any CPU
		{ED8AFA16-C827-4A6E-91B0-0470A3052940}.Debug|Any CPU.Build.0 = Debug|Any CPU
		{ED8AFA16-C827-4A6E-91B0-0470A3052940}.Release|Any CPU.ActiveCfg = Release|Any CPU
		{ED8AFA16-C827-4A6E-91B0-0470A3052940}.Release|Any CPU.Build.0 = Release|Any CPU
		{6F377409-2933-4ED9-A304-4CB01CD7AB40}.Debug|Any CPU.ActiveCfg = Debug|Any CPU
		{6F377409-2933-4ED9-A304-4CB01CD7AB40}.Debug|Any CPU.Build.0 = Debug|Any CPU
		{6F377409-2933-4ED9-A304-4CB01CD7AB40}.Release|Any CPU.ActiveCfg = Release|Any CPU
		{6F377409-2933-4ED9-A304-4CB01CD7AB40}.Release|Any CPU.Build.0 = Release|Any CPU
		{950FBB4A-A4A4-488E-A5EF-73EC2045EAD1}.Debug|Any CPU.ActiveCfg = Debug|Any CPU
		{950FBB4A-A4A4-488E-A5EF-73EC2045EAD1}.Debug|Any CPU.Build.0 = Debug|Any CPU
		{950FBB4A-A4A4-488E-A5EF-73EC2045EAD1}.Release|Any CPU.ActiveCfg = Release|Any CPU
		{950FBB4A-A4A4-488E-A5EF-73EC2045EAD1}.Release|Any CPU.Build.0 = Release|Any CPU
		{20287EEF-0B52-40F4-AF86-EB4318CA5B96}.Debug|Any CPU.ActiveCfg = Debug|Any CPU
		{20287EEF-0B52-40F4-AF86-EB4318CA5B96}.Debug|Any CPU.Build.0 = Debug|Any CPU
		{20287EEF-0B52-40F4-AF86-EB4318CA5B96}.Release|Any CPU.ActiveCfg = Release|Any CPU
		{20287EEF-0B52-40F4-AF86-EB4318CA5B96}.Release|Any CPU.Build.0 = Release|Any CPU
		{4BD9A682-AC47-4724-8840-3946EFC622AB}.Debug|Any CPU.ActiveCfg = Debug|Any CPU
		{4BD9A682-AC47-4724-8840-3946EFC622AB}.Debug|Any CPU.Build.0 = Debug|Any CPU
		{4BD9A682-AC47-4724-8840-3946EFC622AB}.Release|Any CPU.ActiveCfg = Release|Any CPU
		{4BD9A682-AC47-4724-8840-3946EFC622AB}.Release|Any CPU.Build.0 = Release|Any CPU
		{3EF86876-4BA9-4D64-B6B2-8399E9A4E43C}.Debug|Any CPU.ActiveCfg = Debug|Any CPU
		{3EF86876-4BA9-4D64-B6B2-8399E9A4E43C}.Debug|Any CPU.Build.0 = Debug|Any CPU
		{3EF86876-4BA9-4D64-B6B2-8399E9A4E43C}.Release|Any CPU.ActiveCfg = Release|Any CPU
		{3EF86876-4BA9-4D64-B6B2-8399E9A4E43C}.Release|Any CPU.Build.0 = Release|Any CPU
		{0BB8DEAE-F06B-4F3F-8879-FB8ADF0A8B8F}.Debug|Any CPU.ActiveCfg = Debug|Any CPU
		{0BB8DEAE-F06B-4F3F-8879-FB8ADF0A8B8F}.Debug|Any CPU.Build.0 = Debug|Any CPU
		{0BB8DEAE-F06B-4F3F-8879-FB8ADF0A8B8F}.Release|Any CPU.ActiveCfg = Release|Any CPU
		{0BB8DEAE-F06B-4F3F-8879-FB8ADF0A8B8F}.Release|Any CPU.Build.0 = Release|Any CPU
		{43C76440-736D-4FC6-8CD7-92E691BA9552}.Debug|Any CPU.ActiveCfg = Debug|Any CPU
		{43C76440-736D-4FC6-8CD7-92E691BA9552}.Debug|Any CPU.Build.0 = Debug|Any CPU
		{43C76440-736D-4FC6-8CD7-92E691BA9552}.Release|Any CPU.ActiveCfg = Release|Any CPU
		{43C76440-736D-4FC6-8CD7-92E691BA9552}.Release|Any CPU.Build.0 = Release|Any CPU
	EndGlobalSection
	GlobalSection(SolutionProperties) = preSolution
		HideSolutionNode = FALSE
	EndGlobalSection
	GlobalSection(NestedProjects) = preSolution
		{5DB91619-BEC3-4C69-8637-9D93EA088180} = {88E8CFCC-2714-4DF2-ACD8-01A934D7CBDC}
		{3FBE92FF-7FB2-43C2-B080-6B310A9FBD9A} = {88E8CFCC-2714-4DF2-ACD8-01A934D7CBDC}
		{AF105FFB-9066-43B7-8F55-D164DF1FB33B} = {88E8CFCC-2714-4DF2-ACD8-01A934D7CBDC}
		{F401B24F-A45A-4EC3-8503-33DD149737DF} = {88E8CFCC-2714-4DF2-ACD8-01A934D7CBDC}
		{B56E25BF-3730-4629-A6F0-A5997443CC98} = {88E8CFCC-2714-4DF2-ACD8-01A934D7CBDC}
		{0E5CC2F0-CE0D-43A6-A0A9-53EA0A52FA38} = {88E8CFCC-2714-4DF2-ACD8-01A934D7CBDC}
		{94519544-E4D6-46A4-9495-7A28613C9B70} = {88E8CFCC-2714-4DF2-ACD8-01A934D7CBDC}
		{86C4EDEA-4972-42FF-8690-2E127BEECFA0} = {88E8CFCC-2714-4DF2-ACD8-01A934D7CBDC}
		{3A371615-FA25-4C4C-B77A-7C781B4B9225} = {88E8CFCC-2714-4DF2-ACD8-01A934D7CBDC}
		{1017649F-C043-4D46-B171-A82473852E73} = {88E8CFCC-2714-4DF2-ACD8-01A934D7CBDC}
		{CE499652-AD74-4C23-85D4-9A421F83A499} = {C74B3585-02D9-4FDF-9F2C-B6EF30BF5FF9}
		{44816C3B-AA95-48DE-B54D-E48A2D90A66A} = {C74B3585-02D9-4FDF-9F2C-B6EF30BF5FF9}
		{D741B4E8-FDC2-478C-9963-7E4B5C6304AB} = {C74B3585-02D9-4FDF-9F2C-B6EF30BF5FF9}
		{528B3F6E-2602-414B-B936-5B92AF5CF7C3} = {C74B3585-02D9-4FDF-9F2C-B6EF30BF5FF9}
		{FF4FE274-FAA6-428B-B219-CB86968CD5FD} = {C74B3585-02D9-4FDF-9F2C-B6EF30BF5FF9}
		{5E3A6A2F-4F19-4E62-95B2-3D32E1ED4DE6} = {C74B3585-02D9-4FDF-9F2C-B6EF30BF5FF9}
		{49DE990A-4225-4534-BA17-5A8F391FAAD7} = {C74B3585-02D9-4FDF-9F2C-B6EF30BF5FF9}
		{DCEF3761-6947-4C00-8745-AEBCE4A280BE} = {C74B3585-02D9-4FDF-9F2C-B6EF30BF5FF9}
		{FA3AFAC0-E8FE-40F6-B798-A69BFD16606E} = {C74B3585-02D9-4FDF-9F2C-B6EF30BF5FF9}
		{11E31C60-3F7C-411E-82BE-08A175D53CF0} = {C74B3585-02D9-4FDF-9F2C-B6EF30BF5FF9}
		{5F03DD1B-E9F4-4F33-BBD8-AF78964CED56} = {9F38CE16-7E54-48DF-92C4-CD97896F3272}
		{ED8AFA16-C827-4A6E-91B0-0470A3052940} = {9F38CE16-7E54-48DF-92C4-CD97896F3272}
		{6F377409-2933-4ED9-A304-4CB01CD7AB40} = {9F38CE16-7E54-48DF-92C4-CD97896F3272}
		{950FBB4A-A4A4-488E-A5EF-73EC2045EAD1} = {9F38CE16-7E54-48DF-92C4-CD97896F3272}
		{20287EEF-0B52-40F4-AF86-EB4318CA5B96} = {9F38CE16-7E54-48DF-92C4-CD97896F3272}
		{4BD9A682-AC47-4724-8840-3946EFC622AB} = {9F38CE16-7E54-48DF-92C4-CD97896F3272}
		{3EF86876-4BA9-4D64-B6B2-8399E9A4E43C} = {9F38CE16-7E54-48DF-92C4-CD97896F3272}
		{0BB8DEAE-F06B-4F3F-8879-FB8ADF0A8B8F} = {9F38CE16-7E54-48DF-92C4-CD97896F3272}
		{43C76440-736D-4FC6-8CD7-92E691BA9552} = {9F38CE16-7E54-48DF-92C4-CD97896F3272}
	EndGlobalSection
	GlobalSection(ExtensibilityGlobals) = postSolution
		SolutionGuid = {7A91121A-F375-4731-9952-24BCAC5869B2}
	EndGlobalSection
EndGlobal
